
Microsoft Visual Studio Solution File, Format Version 12.00
# Visual Studio Version 17
VisualStudioVersion = 17.11.35222.181
MinimumVisualStudioVersion = 10.0.40219.1
Project("{FAE04EC0-301F-11D3-BF4B-00C04F79EFBC}") = "inheritence_practice", "inheritence_practice\inheritence_practice.csproj", "{4163D042-C694-43FC-A817-EDB21CB38D53}"
EndProject
Global
	GlobalSection(SolutionConfigurationPlatforms) = preSolution
		Debug|Any CPU = Debug|Any CPU
		Release|Any CPU = Release|Any CPU
	EndGlobalSection
	GlobalSection(ProjectConfigurationPlatforms) = postSolution
		{4163D042-C694-43FC-A817-EDB21CB38D53}.Debug|Any CPU.ActiveCfg = Debug|Any CPU
		{4163D042-C694-43FC-A817-EDB21CB38D53}.Debug|Any CPU.Build.0 = Debug|Any CPU
		{4163D042-C694-43FC-A817-EDB21CB38D53}.Release|Any CPU.ActiveCfg = Release|Any CPU
		{4163D042-C694-43FC-A817-EDB21CB38D53}.Release|Any CPU.Build.0 = Release|Any CPU
	EndGlobalSection
	GlobalSection(SolutionProperties) = preSolution
		HideSolutionNode = FALSE
	EndGlobalSection
	GlobalSection(ExtensibilityGlobals) = postSolution
		SolutionGuid = {238F7E33-BBA2-4E45-B39B-05792C516650}
	EndGlobalSection
EndGlobal
